
Microsoft Visual Studio Solution File, Format Version 12.00
# Visual Studio Version 16
VisualStudioVersion = 16.0.810.23
MinimumVisualStudioVersion = 10.0.40219.1
Project("{FAE04EC0-301F-11D3-BF4B-00C04F79EFBC}") = "task3", "task3\task3.csproj", "{BA0A4294-C5B8-4709-9E32-304C418B3B77}"
EndProject
Global
	GlobalSection(SolutionConfigurationPlatforms) = preSolution
		Debug|Any CPU = Debug|Any CPU
		Release|Any CPU = Release|Any CPU
	EndGlobalSection
	GlobalSection(ProjectConfigurationPlatforms) = postSolution
		{BA0A4294-C5B8-4709-9E32-304C418B3B77}.Debug|Any CPU.ActiveCfg = Debug|Any CPU
		{BA0A4294-C5B8-4709-9E32-304C418B3B77}.Debug|Any CPU.Build.0 = Debug|Any CPU
		{BA0A4294-C5B8-4709-9E32-304C418B3B77}.Release|Any CPU.ActiveCfg = Release|Any CPU
		{BA0A4294-C5B8-4709-9E32-304C418B3B77}.Release|Any CPU.Build.0 = Release|Any CPU
	EndGlobalSection
	GlobalSection(SolutionProperties) = preSolution
		HideSolutionNode = FALSE
	EndGlobalSection
	GlobalSection(ExtensibilityGlobals) = postSolution
		SolutionGuid = {485FD831-5118-42C4-AD9A-A7B4862BA97A}
	EndGlobalSection
EndGlobal
